
Microsoft Visual Studio Solution File, Format Version 12.00
# Visual Studio Version 16
VisualStudioVersion = 16.0.28407.52
MinimumVisualStudioVersion = 10.0.40219.1
Project("{9A19103F-16F7-4668-BE54-9A1E7A4F7556}") = "OrientDB.Net.Core.BusinessObjects", "OrientDB.Net.Core.BusinessObjects\OrientDB.Net.Core.BusinessObjects.csproj", "{1C5F1464-A7D9-4EA1-8DD0-ECD4E6DFBDDD}"
EndProject
Project("{9A19103F-16F7-4668-BE54-9A1E7A4F7556}") = "OrientDB.Net.Core.BusinessObjects.Generator", "OrientDB.Net.Core.BusinessObjects.Generator\OrientDB.Net.Core.BusinessObjects.Generator.csproj", "{2286C7C9-D2DC-446B-8FBE-509E18D6B7A2}"
EndProject
Project("{9A19103F-16F7-4668-BE54-9A1E7A4F7556}") = "OrientDB.Net.Core.BusinessObjects.Console", "OrientDB.Net.Core.BusinessObjects.Console\OrientDB.Net.Core.BusinessObjects.Console.csproj", "{421E5BC0-3AD8-4E87-B4A5-C95B063DB816}"
EndProject
Global
	GlobalSection(SolutionConfigurationPlatforms) = preSolution
		Debug|Any CPU = Debug|Any CPU
		Release|Any CPU = Release|Any CPU
	EndGlobalSection
	GlobalSection(ProjectConfigurationPlatforms) = postSolution
		{1C5F1464-A7D9-4EA1-8DD0-ECD4E6DFBDDD}.Debug|Any CPU.ActiveCfg = Debug|Any CPU
		{1C5F1464-A7D9-4EA1-8DD0-ECD4E6DFBDDD}.Debug|Any CPU.Build.0 = Debug|Any CPU
		{1C5F1464-A7D9-4EA1-8DD0-ECD4E6DFBDDD}.Release|Any CPU.ActiveCfg = Release|Any CPU
		{1C5F1464-A7D9-4EA1-8DD0-ECD4E6DFBDDD}.Release|Any CPU.Build.0 = Release|Any CPU
		{2286C7C9-D2DC-446B-8FBE-509E18D6B7A2}.Debug|Any CPU.ActiveCfg = Debug|Any CPU
		{2286C7C9-D2DC-446B-8FBE-509E18D6B7A2}.Debug|Any CPU.Build.0 = Debug|Any CPU
		{2286C7C9-D2DC-446B-8FBE-509E18D6B7A2}.Release|Any CPU.ActiveCfg = Release|Any CPU
		{2286C7C9-D2DC-446B-8FBE-509E18D6B7A2}.Release|Any CPU.Build.0 = Release|Any CPU
		{421E5BC0-3AD8-4E87-B4A5-C95B063DB816}.Debug|Any CPU.ActiveCfg = Debug|Any CPU
		{421E5BC0-3AD8-4E87-B4A5-C95B063DB816}.Debug|Any CPU.Build.0 = Debug|Any CPU
		{421E5BC0-3AD8-4E87-B4A5-C95B063DB816}.Release|Any CPU.ActiveCfg = Release|Any CPU
		{421E5BC0-3AD8-4E87-B4A5-C95B063DB816}.Release|Any CPU.Build.0 = Release|Any CPU
	EndGlobalSection
	GlobalSection(SolutionProperties) = preSolution
		HideSolutionNode = FALSE
	EndGlobalSection
	GlobalSection(ExtensibilityGlobals) = postSolution
		SolutionGuid = {523754E0-89A2-474A-BB73-5493CE009CF0}
	EndGlobalSection
EndGlobal
